
Microsoft Visual Studio Solution File, Format Version 12.00
# Visual Studio Version 16
VisualStudioVersion = 16.0.31321.278
MinimumVisualStudioVersion = 10.0.40219.1
Project("{FAE04EC0-301F-11D3-BF4B-00C04F79EFBC}") = "UpcastingDowncasting", "UpcastingDowncasting\UpcastingDowncasting.csproj", "{15D6B7CF-6AA4-4852-95D0-31C1B1D87F56}"
EndProject
Global
	GlobalSection(SolutionConfigurationPlatforms) = preSolution
		Debug|Any CPU = Debug|Any CPU
		Release|Any CPU = Release|Any CPU
	EndGlobalSection
	GlobalSection(ProjectConfigurationPlatforms) = postSolution
		{15D6B7CF-6AA4-4852-95D0-31C1B1D87F56}.Debug|Any CPU.ActiveCfg = Debug|Any CPU
		{15D6B7CF-6AA4-4852-95D0-31C1B1D87F56}.Debug|Any CPU.Build.0 = Debug|Any CPU
		{15D6B7CF-6AA4-4852-95D0-31C1B1D87F56}.Release|Any CPU.ActiveCfg = Release|Any CPU
		{15D6B7CF-6AA4-4852-95D0-31C1B1D87F56}.Release|Any CPU.Build.0 = Release|Any CPU
	EndGlobalSection
	GlobalSection(SolutionProperties) = preSolution
		HideSolutionNode = FALSE
	EndGlobalSection
	GlobalSection(ExtensibilityGlobals) = postSolution
		SolutionGuid = {012DC6B2-05D3-4A82-9E78-AC43C3B99819}
	EndGlobalSection
EndGlobal
